
Microsoft Visual Studio Solution File, Format Version 12.00
# Visual Studio Version 17
VisualStudioVersion = 17.4.33213.308
MinimumVisualStudioVersion = 10.0.40219.1
Project("{FAE04EC0-301F-11D3-BF4B-00C04F79EFBC}") = "COMP003A.Assignment3", "COMP003A.Assignment3\COMP003A.Assignment3.csproj", "{D8CD213A-2BC9-4609-A86B-5B7B790D157A}"
EndProject
Global
	GlobalSection(SolutionConfigurationPlatforms) = preSolution
		Debug|Any CPU = Debug|Any CPU
		Release|Any CPU = Release|Any CPU
	EndGlobalSection
	GlobalSection(ProjectConfigurationPlatforms) = postSolution
		{D8CD213A-2BC9-4609-A86B-5B7B790D157A}.Debug|Any CPU.ActiveCfg = Debug|Any CPU
		{D8CD213A-2BC9-4609-A86B-5B7B790D157A}.Debug|Any CPU.Build.0 = Debug|Any CPU
		{D8CD213A-2BC9-4609-A86B-5B7B790D157A}.Release|Any CPU.ActiveCfg = Release|Any CPU
		{D8CD213A-2BC9-4609-A86B-5B7B790D157A}.Release|Any CPU.Build.0 = Release|Any CPU
	EndGlobalSection
	GlobalSection(SolutionProperties) = preSolution
		HideSolutionNode = FALSE
	EndGlobalSection
	GlobalSection(ExtensibilityGlobals) = postSolution
		SolutionGuid = {34BB9742-57A7-49DB-A109-0AFA8F400FE5}
	EndGlobalSection
EndGlobal
